// !$*UTF8*$!
{
	archiveVersion = 1;
	classes = {
	};
	objectVersion = 50;
	objects = {

/* Begin PBXBuildFile section */
		8EF8F4ED232F63D000E8C008 /* AppDelegate.swift in Sources */ = {isa = PBXBuildFile; fileRef = 8EF8F4EC232F63D000E8C008 /* AppDelegate.swift */; };
		8EF8F4F4232F63D100E8C008 /* Assets.xcassets in Resources */ = {isa = PBXBuildFile; fileRef = 8EF8F4F3232F63D100E8C008 /* Assets.xcassets */; };
		8EF8F4F7232F63D100E8C008 /* LaunchScreen.storyboard in Resources */ = {isa = PBXBuildFile; fileRef = 8EF8F4F5232F63D100E8C008 /* LaunchScreen.storyboard */; };
		8EF8F4FF232F64B500E8C008 /* ContentsListViewController.swift in Sources */ = {isa = PBXBuildFile; fileRef = 8EF8F4FE232F64B500E8C008 /* ContentsListViewController.swift */; };
		8EF8F506232F657500E8C008 /* Logger.swift in Sources */ = {isa = PBXBuildFile; fileRef = 8EF8F505232F657500E8C008 /* Logger.swift */; };
		8EF8F508232F658300E8C008 /* UIViewExtension.swift in Sources */ = {isa = PBXBuildFile; fileRef = 8EF8F507232F658300E8C008 /* UIViewExtension.swift */; };
		8EF8F50C232F65B000E8C008 /* TableViewCollectionViewExtensions.swift in Sources */ = {isa = PBXBuildFile; fileRef = 8EF8F50B232F65B000E8C008 /* TableViewCollectionViewExtensions.swift */; };
		8EF8F50E232F65B800E8C008 /* Identifiable.swift in Sources */ = {isa = PBXBuildFile; fileRef = 8EF8F50D232F65B800E8C008 /* Identifiable.swift */; };
		8EF8F510232F65C600E8C008 /* AlertExtensions.swift in Sources */ = {isa = PBXBuildFile; fileRef = 8EF8F50F232F65C600E8C008 /* AlertExtensions.swift */; };
		8EF8F512232F669300E8C008 /* ErrorLog.swift in Sources */ = {isa = PBXBuildFile; fileRef = 8EF8F511232F669300E8C008 /* ErrorLog.swift */; };
		8EF8F514232F669800E8C008 /* Identity.swift in Sources */ = {isa = PBXBuildFile; fileRef = 8EF8F513232F669800E8C008 /* Identity.swift */; };
		8EF8F516232F66CD00E8C008 /* ServiceError.swift in Sources */ = {isa = PBXBuildFile; fileRef = 8EF8F515232F66CD00E8C008 /* ServiceError.swift */; };
		8EF8F518232F6FDE00E8C008 /* Default-568h@2x.png in Resources */ = {isa = PBXBuildFile; fileRef = 8EF8F517232F6FDE00E8C008 /* Default-568h@2x.png */; };
		8EF8F51B232F772C00E8C008 /* SortingView.swift in Sources */ = {isa = PBXBuildFile; fileRef = 8EF8F51A232F772C00E8C008 /* SortingView.swift */; };
		8EF8F51D232F86EF00E8C008 /* UserActionViewController.swift in Sources */ = {isa = PBXBuildFile; fileRef = 8EF8F51C232F86EF00E8C008 /* UserActionViewController.swift */; };
		8EF8F51F232F88AE00E8C008 /* Global.swift in Sources */ = {isa = PBXBuildFile; fileRef = 8EF8F51E232F88AE00E8C008 /* Global.swift */; };
		8EF8F5342330741000E8C008 /* ContentTableViewCell.swift in Sources */ = {isa = PBXBuildFile; fileRef = 8EF8F5332330741000E8C008 /* ContentTableViewCell.swift */; };
		8EF8F536233074CB00E8C008 /* DataManager.swift in Sources */ = {isa = PBXBuildFile; fileRef = 8EF8F535233074CB00E8C008 /* DataManager.swift */; };
		8EF8F538233076FC00E8C008 /* BucketService.swift in Sources */ = {isa = PBXBuildFile; fileRef = 8EF8F537233076FC00E8C008 /* BucketService.swift */; };
		8EF8F53A2330772100E8C008 /* BucketServiceType.swift in Sources */ = {isa = PBXBuildFile; fileRef = 8EF8F5392330772100E8C008 /* BucketServiceType.swift */; };
		8EF8F53C2330796B00E8C008 /* Bucket.swift in Sources */ = {isa = PBXBuildFile; fileRef = 8EF8F53B2330796B00E8C008 /* Bucket.swift */; };
/* End PBXBuildFile section */

/* Begin PBXFileReference section */
		8EF8F4E9232F63D000E8C008 /* iOSTest_ChangSikJeong.app */ = {isa = PBXFileReference; explicitFileType = wrapper.application; includeInIndex = 0; path = iOSTest_ChangSikJeong.app; sourceTree = BUILT_PRODUCTS_DIR; };
		8EF8F4EC232F63D000E8C008 /* AppDelegate.swift */ = {isa = PBXFileReference; lastKnownFileType = sourcecode.swift; path = AppDelegate.swift; sourceTree = "<group>"; };
		8EF8F4F3232F63D100E8C008 /* Assets.xcassets */ = {isa = PBXFileReference; lastKnownFileType = folder.assetcatalog; path = Assets.xcassets; sourceTree = "<group>"; };
		8EF8F4F6232F63D100E8C008 /* Base */ = {isa = PBXFileReference; lastKnownFileType = file.storyboard; name = Base; path = Base.lproj/LaunchScreen.storyboard; sourceTree = "<group>"; };
		8EF8F4F8232F63D100E8C008 /* Info.plist */ = {isa = PBXFileReference; lastKnownFileType = text.plist.xml; path = Info.plist; sourceTree = "<group>"; };
		8EF8F4FE232F64B500E8C008 /* ContentsListViewController.swift */ = {isa = PBXFileReference; lastKnownFileType = sourcecode.swift; path = ContentsListViewController.swift; sourceTree = "<group>"; };
		8EF8F505232F657500E8C008 /* Logger.swift */ = {isa = PBXFileReference; fileEncoding = 4; lastKnownFileType = sourcecode.swift; path = Logger.swift; sourceTree = "<group>"; };
		8EF8F507232F658300E8C008 /* UIViewExtension.swift */ = {isa = PBXFileReference; fileEncoding = 4; lastKnownFileType = sourcecode.swift; path = UIViewExtension.swift; sourceTree = "<group>"; };
		8EF8F50B232F65B000E8C008 /* TableViewCollectionViewExtensions.swift */ = {isa = PBXFileReference; fileEncoding = 4; lastKnownFileType = sourcecode.swift; path = TableViewCollectionViewExtensions.swift; sourceTree = "<group>"; };
		8EF8F50D232F65B800E8C008 /* Identifiable.swift */ = {isa = PBXFileReference; fileEncoding = 4; lastKnownFileType = sourcecode.swift; path = Identifiable.swift; sourceTree = "<group>"; };
		8EF8F50F232F65C600E8C008 /* AlertExtensions.swift */ = {isa = PBXFileReference; fileEncoding = 4; lastKnownFileType = sourcecode.swift; path = AlertExtensions.swift; sourceTree = "<group>"; };
		8EF8F511232F669300E8C008 /* ErrorLog.swift */ = {isa = PBXFileReference; fileEncoding = 4; lastKnownFileType = sourcecode.swift; path = ErrorLog.swift; sourceTree = "<group>"; };
		8EF8F513232F669800E8C008 /* Identity.swift */ = {isa = PBXFileReference; fileEncoding = 4; lastKnownFileType = sourcecode.swift; path = Identity.swift; sourceTree = "<group>"; };
		8EF8F515232F66CD00E8C008 /* ServiceError.swift */ = {isa = PBXFileReference; fileEncoding = 4; lastKnownFileType = sourcecode.swift; path = ServiceError.swift; sourceTree = "<group>"; };
		8EF8F517232F6FDE00E8C008 /* Default-568h@2x.png */ = {isa = PBXFileReference; lastKnownFileType = image.png; path = "Default-568h@2x.png"; sourceTree = "<group>"; };
		8EF8F51A232F772C00E8C008 /* SortingView.swift */ = {isa = PBXFileReference; lastKnownFileType = sourcecode.swift; path = SortingView.swift; sourceTree = "<group>"; };
		8EF8F51C232F86EF00E8C008 /* UserActionViewController.swift */ = {isa = PBXFileReference; lastKnownFileType = sourcecode.swift; path = UserActionViewController.swift; sourceTree = "<group>"; };
		8EF8F51E232F88AE00E8C008 /* Global.swift */ = {isa = PBXFileReference; fileEncoding = 4; lastKnownFileType = sourcecode.swift; path = Global.swift; sourceTree = "<group>"; };
		8EF8F5332330741000E8C008 /* ContentTableViewCell.swift */ = {isa = PBXFileReference; lastKnownFileType = sourcecode.swift; path = ContentTableViewCell.swift; sourceTree = "<group>"; };
		8EF8F535233074CB00E8C008 /* DataManager.swift */ = {isa = PBXFileReference; lastKnownFileType = sourcecode.swift; path = DataManager.swift; sourceTree = "<group>"; };
		8EF8F537233076FC00E8C008 /* BucketService.swift */ = {isa = PBXFileReference; lastKnownFileType = sourcecode.swift; path = BucketService.swift; sourceTree = "<group>"; };
		8EF8F5392330772100E8C008 /* BucketServiceType.swift */ = {isa = PBXFileReference; lastKnownFileType = sourcecode.swift; path = BucketServiceType.swift; sourceTree = "<group>"; };
		8EF8F53B2330796B00E8C008 /* Bucket.swift */ = {isa = PBXFileReference; lastKnownFileType = sourcecode.swift; path = Bucket.swift; sourceTree = "<group>"; };
/* End PBXFileReference section */

/* Begin PBXFrameworksBuildPhase section */
		8EF8F4E6232F63D000E8C008 /* Frameworks */ = {
			isa = PBXFrameworksBuildPhase;
			buildActionMask = 2147483647;
			files = (
			);
			runOnlyForDeploymentPostprocessing = 0;
		};
/* End PBXFrameworksBuildPhase section */

/* Begin PBXGroup section */
		8EF8F4E0232F63D000E8C008 = {
			isa = PBXGroup;
			children = (
				8EF8F4EB232F63D000E8C008 /* iOSTest_ChangSikJeong */,
				8EF8F4EA232F63D000E8C008 /* Products */,
			);
			sourceTree = "<group>";
		};
		8EF8F4EA232F63D000E8C008 /* Products */ = {
			isa = PBXGroup;
			children = (
				8EF8F4E9232F63D000E8C008 /* iOSTest_ChangSikJeong.app */,
			);
			name = Products;
			sourceTree = "<group>";
		};
		8EF8F4EB232F63D000E8C008 /* iOSTest_ChangSikJeong */ = {
			isa = PBXGroup;
			children = (
				8EF8F502232F64FB00E8C008 /* Source */,
				8EF8F500232F64DA00E8C008 /* Resource */,
				8EF8F501232F64E600E8C008 /* SupportingFiles */,
			);
			path = iOSTest_ChangSikJeong;
			sourceTree = "<group>";
		};
		8EF8F500232F64DA00E8C008 /* Resource */ = {
			isa = PBXGroup;
			children = (
				8EF8F517232F6FDE00E8C008 /* Default-568h@2x.png */,
				8EF8F4F3232F63D100E8C008 /* Assets.xcassets */,
			);
			path = Resource;
			sourceTree = "<group>";
		};
		8EF8F501232F64E600E8C008 /* SupportingFiles */ = {
			isa = PBXGroup;
			children = (
				8EF8F4F5232F63D100E8C008 /* LaunchScreen.storyboard */,
				8EF8F4F8232F63D100E8C008 /* Info.plist */,
			);
			path = SupportingFiles;
			sourceTree = "<group>";
		};
		8EF8F502232F64FB00E8C008 /* Source */ = {
			isa = PBXGroup;
			children = (
				8EF8F4EC232F63D000E8C008 /* AppDelegate.swift */,
				8EF8F535233074CB00E8C008 /* DataManager.swift */,
				8EF8F53B2330796B00E8C008 /* Bucket.swift */,
				8EF8F519232F770C00E8C008 /* ContentsList */,
				8EF8F503232F650B00E8C008 /* Uitility */,
				8EF8F504232F651D00E8C008 /* Network */,
			);
			path = Source;
			sourceTree = "<group>";
		};
		8EF8F503232F650B00E8C008 /* Uitility */ = {
			isa = PBXGroup;
			children = (
				8EF8F50A232F659000E8C008 /* Helpers */,
				8EF8F509232F658800E8C008 /* Extensions */,
			);
			path = Uitility;
			sourceTree = "<group>";
		};
		8EF8F504232F651D00E8C008 /* Network */ = {
			isa = PBXGroup;
			children = (
				8EF8F515232F66CD00E8C008 /* ServiceError.swift */,
				8EF8F537233076FC00E8C008 /* BucketService.swift */,
				8EF8F5392330772100E8C008 /* BucketServiceType.swift */,
			);
			path = Network;
			sourceTree = "<group>";
		};
		8EF8F509232F658800E8C008 /* Extensions */ = {
			isa = PBXGroup;
			children = (
				8EF8F507232F658300E8C008 /* UIViewExtension.swift */,
				8EF8F50B232F65B000E8C008 /* TableViewCollectionViewExtensions.swift */,
				8EF8F50D232F65B800E8C008 /* Identifiable.swift */,
				8EF8F50F232F65C600E8C008 /* AlertExtensions.swift */,
			);
			path = Extensions;
			sourceTree = "<group>";
		};
		8EF8F50A232F659000E8C008 /* Helpers */ = {
			isa = PBXGroup;
			children = (
				8EF8F505232F657500E8C008 /* Logger.swift */,
				8EF8F511232F669300E8C008 /* ErrorLog.swift */,
				8EF8F513232F669800E8C008 /* Identity.swift */,
				8EF8F51E232F88AE00E8C008 /* Global.swift */,
			);
			path = Helpers;
			sourceTree = "<group>";
		};
		8EF8F519232F770C00E8C008 /* ContentsList */ = {
			isa = PBXGroup;
			children = (
				8EF8F4FE232F64B500E8C008 /* ContentsListViewController.swift */,
				8EF8F51A232F772C00E8C008 /* SortingView.swift */,
				8EF8F5332330741000E8C008 /* ContentTableViewCell.swift */,
				8EF8F51C232F86EF00E8C008 /* UserActionViewController.swift */,
			);
			path = ContentsList;
			sourceTree = "<group>";
		};
/* End PBXGroup section */

/* Begin PBXNativeTarget section */
		8EF8F4E8232F63D000E8C008 /* iOSTest_ChangSikJeong */ = {
			isa = PBXNativeTarget;
			buildConfigurationList = 8EF8F4FB232F63D100E8C008 /* Build configuration list for PBXNativeTarget "iOSTest_ChangSikJeong" */;
			buildPhases = (
				8EF8F4E5232F63D000E8C008 /* Sources */,
				8EF8F4E6232F63D000E8C008 /* Frameworks */,
				8EF8F4E7232F63D000E8C008 /* Resources */,
			);
			buildRules = (
			);
			dependencies = (
			);
			name = iOSTest_ChangSikJeong;
			productName = iOSTest_ChangSikJeong;
			productReference = 8EF8F4E9232F63D000E8C008 /* iOSTest_ChangSikJeong.app */;
			productType = "com.apple.product-type.application";
		};
/* End PBXNativeTarget section */

/* Begin PBXProject section */
		8EF8F4E1232F63D000E8C008 /* Project object */ = {
			isa = PBXProject;
			attributes = {
				LastSwiftUpdateCheck = 1020;
				LastUpgradeCheck = 1020;
				ORGANIZATIONNAME = "chang sic jung";
				TargetAttributes = {
					8EF8F4E8232F63D000E8C008 = {
						CreatedOnToolsVersion = 10.2.1;
					};
				};
			};
			buildConfigurationList = 8EF8F4E4232F63D000E8C008 /* Build configuration list for PBXProject "iOSTest_ChangSikJeong" */;
			compatibilityVersion = "Xcode 9.3";
			developmentRegion = en;
			hasScannedForEncodings = 0;
			knownRegions = (
				en,
				Base,
			);
			mainGroup = 8EF8F4E0232F63D000E8C008;
			productRefGroup = 8EF8F4EA232F63D000E8C008 /* Products */;
			projectDirPath = "";
			projectRoot = "";
			targets = (
				8EF8F4E8232F63D000E8C008 /* iOSTest_ChangSikJeong */,
			);
		};
/* End PBXProject section */

/* Begin PBXResourcesBuildPhase section */
		8EF8F4E7232F63D000E8C008 /* Resources */ = {
			isa = PBXResourcesBuildPhase;
			buildActionMask = 2147483647;
			files = (
				8EF8F4F7232F63D100E8C008 /* LaunchScreen.storyboard in Resources */,
				8EF8F4F4232F63D100E8C008 /* Assets.xcassets in Resources */,
				8EF8F518232F6FDE00E8C008 /* Default-568h@2x.png in Resources */,
			);
			runOnlyForDeploymentPostprocessing = 0;
		};
/* End PBXResourcesBuildPhase section */

/* Begin PBXSourcesBuildPhase section */
		8EF8F4E5232F63D000E8C008 /* Sources */ = {
			isa = PBXSourcesBuildPhase;
			buildActionMask = 2147483647;
			files = (
				8EF8F516232F66CD00E8C008 /* ServiceError.swift in Sources */,
				8EF8F536233074CB00E8C008 /* DataManager.swift in Sources */,
				8EF8F538233076FC00E8C008 /* BucketService.swift in Sources */,
				8EF8F51D232F86EF00E8C008 /* UserActionViewController.swift in Sources */,
				8EF8F50C232F65B000E8C008 /* TableViewCollectionViewExtensions.swift in Sources */,
				8EF8F514232F669800E8C008 /* Identity.swift in Sources */,
				8EF8F50E232F65B800E8C008 /* Identifiable.swift in Sources */,
				8EF8F510232F65C600E8C008 /* AlertExtensions.swift in Sources */,
				8EF8F4FF232F64B500E8C008 /* ContentsListViewController.swift in Sources */,
				8EF8F51F232F88AE00E8C008 /* Global.swift in Sources */,
				8EF8F506232F657500E8C008 /* Logger.swift in Sources */,
				8EF8F512232F669300E8C008 /* ErrorLog.swift in Sources */,
				8EF8F508232F658300E8C008 /* UIViewExtension.swift in Sources */,
				8EF8F5342330741000E8C008 /* ContentTableViewCell.swift in Sources */,
				8EF8F53A2330772100E8C008 /* BucketServiceType.swift in Sources */,
				8EF8F53C2330796B00E8C008 /* Bucket.swift in Sources */,
				8EF8F51B232F772C00E8C008 /* SortingView.swift in Sources */,
				8EF8F4ED232F63D000E8C008 /* AppDelegate.swift in Sources */,
			);
			runOnlyForDeploymentPostprocessing = 0;
		};
/* End PBXSourcesBuildPhase section */

/* Begin PBXVariantGroup section */
		8EF8F4F5232F63D100E8C008 /* LaunchScreen.storyboard */ = {
			isa = PBXVariantGroup;
			children = (
				8EF8F4F6232F63D100E8C008 /* Base */,
			);
			name = LaunchScreen.storyboard;
			sourceTree = "<group>";
		};
/* End PBXVariantGroup section */

/* Begin XCBuildConfiguration section */
		8EF8F4F9232F63D100E8C008 /* Debug */ = {
			isa = XCBuildConfiguration;
			buildSettings = {
				ALWAYS_SEARCH_USER_PATHS = NO;
				CLANG_ANALYZER_NONNULL = YES;
				CLANG_ANALYZER_NUMBER_OBJECT_CONVERSION = YES_AGGRESSIVE;
				CLANG_CXX_LANGUAGE_STANDARD = "gnu++14";
				CLANG_CXX_LIBRARY = "libc++";
				CLANG_ENABLE_MODULES = YES;
				CLANG_ENABLE_OBJC_ARC = YES;
				CLANG_ENABLE_OBJC_WEAK = YES;
				CLANG_WARN_BLOCK_CAPTURE_AUTORELEASING = YES;
				CLANG_WARN_BOOL_CONVERSION = YES;
				CLANG_WARN_COMMA = YES;
				CLANG_WARN_CONSTANT_CONVERSION = YES;
				CLANG_WARN_DEPRECATED_OBJC_IMPLEMENTATIONS = YES;
				CLANG_WARN_DIRECT_OBJC_ISA_USAGE = YES_ERROR;
				CLANG_WARN_DOCUMENTATION_COMMENTS = YES;
				CLANG_WARN_EMPTY_BODY = YES;
				CLANG_WARN_ENUM_CONVERSION = YES;
				CLANG_WARN_INFINITE_RECURSION = YES;
				CLANG_WARN_INT_CONVERSION = YES;
				CLANG_WARN_NON_LITERAL_NULL_CONVERSION = YES;
				CLANG_WARN_OBJC_IMPLICIT_RETAIN_SELF = YES;
				CLANG_WARN_OBJC_LITERAL_CONVERSION = YES;
				CLANG_WARN_OBJC_ROOT_CLASS = YES_ERROR;
				CLANG_WARN_RANGE_LOOP_ANALYSIS = YES;
				CLANG_WARN_STRICT_PROTOTYPES = YES;
				CLANG_WARN_SUSPICIOUS_MOVE = YES;
				CLANG_WARN_UNGUARDED_AVAILABILITY = YES_AGGRESSIVE;
				CLANG_WARN_UNREACHABLE_CODE = YES;
				CLANG_WARN__DUPLICATE_METHOD_MATCH = YES;
				CODE_SIGN_IDENTITY = "iPhone Developer";
				COPY_PHASE_STRIP = NO;
				DEBUG_INFORMATION_FORMAT = dwarf;
				ENABLE_STRICT_OBJC_MSGSEND = YES;
				ENABLE_TESTABILITY = YES;
				GCC_C_LANGUAGE_STANDARD = gnu11;
				GCC_DYNAMIC_NO_PIC = NO;
				GCC_NO_COMMON_BLOCKS = YES;
				GCC_OPTIMIZATION_LEVEL = 0;
				GCC_PREPROCESSOR_DEFINITIONS = (
					"DEBUG=1",
					"$(inherited)",
				);
				GCC_WARN_64_TO_32_BIT_CONVERSION = YES;
				GCC_WARN_ABOUT_RETURN_TYPE = YES_ERROR;
				GCC_WARN_UNDECLARED_SELECTOR = YES;
				GCC_WARN_UNINITIALIZED_AUTOS = YES_AGGRESSIVE;
				GCC_WARN_UNUSED_FUNCTION = YES;
				GCC_WARN_UNUSED_VARIABLE = YES;
				IPHONEOS_DEPLOYMENT_TARGET = 12.2;
				MTL_ENABLE_DEBUG_INFO = INCLUDE_SOURCE;
				MTL_FAST_MATH = YES;
				ONLY_ACTIVE_ARCH = YES;
				SDKROOT = iphoneos;
				SWIFT_ACTIVE_COMPILATION_CONDITIONS = DEBUG;
				SWIFT_OPTIMIZATION_LEVEL = "-Onone";
			};
			name = Debug;
		};
		8EF8F4FA232F63D100E8C008 /* Release */ = {
			isa = XCBuildConfiguration;
			buildSettings = {
				ALWAYS_SEARCH_USER_PATHS = NO;
				CLANG_ANALYZER_NONNULL = YES;
				CLANG_ANALYZER_NUMBER_OBJECT_CONVERSION = YES_AGGRESSIVE;
				CLANG_CXX_LANGUAGE_STANDARD = "gnu++14";
				CLANG_CXX_LIBRARY = "libc++";
				CLANG_ENABLE_MODULES = YES;
				CLANG_ENABLE_OBJC_ARC = YES;
				CLANG_ENABLE_OBJC_WEAK = YES;
				CLANG_WARN_BLOCK_CAPTURE_AUTORELEASING = YES;
				CLANG_WARN_BOOL_CONVERSION = YES;
				CLANG_WARN_COMMA = YES;
				CLANG_WARN_CONSTANT_CONVERSION = YES;
				CLANG_WARN_DEPRECATED_OBJC_IMPLEMENTATIONS = YES;
				CLANG_WARN_DIRECT_OBJC_ISA_USAGE = YES_ERROR;
				CLANG_WARN_DOCUMENTATION_COMMENTS = YES;
				CLANG_WARN_EMPTY_BODY = YES;
				CLANG_WARN_ENUM_CONVERSION = YES;
				CLANG_WARN_INFINITE_RECURSION = YES;
				CLANG_WARN_INT_CONVERSION = YES;
				CLANG_WARN_NON_LITERAL_NULL_CONVERSION = YES;
				CLANG_WARN_OBJC_IMPLICIT_RETAIN_SELF = YES;
				CLANG_WARN_OBJC_LITERAL_CONVERSION = YES;
				CLANG_WARN_OBJC_ROOT_CLASS = YES_ERROR;
				CLANG_WARN_RANGE_LOOP_ANALYSIS = YES;
				CLANG_WARN_STRICT_PROTOTYPES = YES;
				CLANG_WARN_SUSPICIOUS_MOVE = YES;
				CLANG_WARN_UNGUARDED_AVAILABILITY = YES_AGGRESSIVE;
				CLANG_WARN_UNREACHABLE_CODE = YES;
				CLANG_WARN__DUPLICATE_METHOD_MATCH = YES;
				CODE_SIGN_IDENTITY = "iPhone Developer";
				COPY_PHASE_STRIP = NO;
				DEBUG_INFORMATION_FORMAT = "dwarf-with-dsym";
				ENABLE_NS_ASSERTIONS = NO;
				ENABLE_STRICT_OBJC_MSGSEND = YES;
				GCC_C_LANGUAGE_STANDARD = gnu11;
				GCC_NO_COMMON_BLOCKS = YES;
				GCC_WARN_64_TO_32_BIT_CONVERSION = YES;
				GCC_WARN_ABOUT_RETURN_TYPE = YES_ERROR;
				GCC_WARN_UNDECLARED_SELECTOR = YES;
				GCC_WARN_UNINITIALIZED_AUTOS = YES_AGGRESSIVE;
				GCC_WARN_UNUSED_FUNCTION = YES;
				GCC_WARN_UNUSED_VARIABLE = YES;
				IPHONEOS_DEPLOYMENT_TARGET = 12.2;
				MTL_ENABLE_DEBUG_INFO = NO;
				MTL_FAST_MATH = YES;
				SDKROOT = iphoneos;
				SWIFT_COMPILATION_MODE = wholemodule;
				SWIFT_OPTIMIZATION_LEVEL = "-O";
				VALIDATE_PRODUCT = YES;
			};
			name = Release;
		};
		8EF8F4FC232F63D100E8C008 /* Debug */ = {
			isa = XCBuildConfiguration;
			buildSettings = {
				ASSETCATALOG_COMPILER_APPICON_NAME = AppIcon;
				CODE_SIGN_STYLE = Automatic;
				DEVELOPMENT_TEAM = KH53J489YG;
				INFOPLIST_FILE = iOSTest_ChangSikJeong/SupportingFIles/Info.plist;
				IPHONEOS_DEPLOYMENT_TARGET = 10.0;
				LD_RUNPATH_SEARCH_PATHS = (
					"$(inherited)",
					"@executable_path/Frameworks",
				);
				PRODUCT_BUNDLE_IDENTIFIER = "iosSchool.changsik.iOSTest-ChangSikJeong";
				PRODUCT_NAME = "$(TARGET_NAME)";
				SWIFT_VERSION = 5.0;
				TARGETED_DEVICE_FAMILY = "1,2";
			};
			name = Debug;
		};
		8EF8F4FD232F63D100E8C008 /* Release */ = {
			isa = XCBuildConfiguration;
			buildSettings = {
				ASSETCATALOG_COMPILER_APPICON_NAME = AppIcon;
				CODE_SIGN_STYLE = Automatic;
				DEVELOPMENT_TEAM = KH53J489YG;
				INFOPLIST_FILE = iOSTest_ChangSikJeong/SupportingFIles/Info.plist;
				IPHONEOS_DEPLOYMENT_TARGET = 10.0;
				LD_RUNPATH_SEARCH_PATHS = (
					"$(inherited)",
					"@executable_path/Frameworks",
				);
				PRODUCT_BUNDLE_IDENTIFIER = "iosSchool.changsik.iOSTest-ChangSikJeong";
				PRODUCT_NAME = "$(TARGET_NAME)";
				SWIFT_VERSION = 5.0;
				TARGETED_DEVICE_FAMILY = "1,2";
			};
			name = Release;
		};
/* End XCBuildConfiguration section */

/* Begin XCConfigurationList section */
		8EF8F4E4232F63D000E8C008 /* Build configuration list for PBXProject "iOSTest_ChangSikJeong" */ = {
			isa = XCConfigurationList;
			buildConfigurations = (
				8EF8F4F9232F63D100E8C008 /* Debug */,
				8EF8F4FA232F63D100E8C008 /* Release */,
			);
			defaultConfigurationIsVisible = 0;
			defaultConfigurationName = Release;
		};
		8EF8F4FB232F63D100E8C008 /* Build configuration list for PBXNativeTarget "iOSTest_ChangSikJeong" */ = {
			isa = XCConfigurationList;
			buildConfigurations = (
				8EF8F4FC232F63D100E8C008 /* Debug */,
				8EF8F4FD232F63D100E8C008 /* Release */,
			);
			defaultConfigurationIsVisible = 0;
			defaultConfigurationName = Release;
		};
/* End XCConfigurationList section */
	};
	rootObject = 8EF8F4E1232F63D000E8C008 /* Project object */;
}
